
Microsoft Visual Studio Solution File, Format Version 12.00
# Visual Studio 2013
VisualStudioVersion = 12.0.30501.0
MinimumVisualStudioVersion = 10.0.40219.1
Project("{FAE04EC0-301F-11D3-BF4B-00C04F79EFBC}") = "Dispatch", "Dispatch\Dispatch.csproj", "{43F12186-C159-4626-9404-1B14FA7021E2}"
EndProject
Project("{FAE04EC0-301F-11D3-BF4B-00C04F79EFBC}") = "Data", "Data\Data.csproj", "{94456E37-35AD-4B7A-B61A-FB907B47B422}"
EndProject
Project("{FAE04EC0-301F-11D3-BF4B-00C04F79EFBC}") = "Attributes", "Attributes\Attributes.csproj", "{D5A9B7B3-5458-4416-ACA5-6714C1FC38FB}"
EndProject
Global
	GlobalSection(SolutionConfigurationPlatforms) = preSolution
		Debug|Any CPU = Debug|Any CPU
		Debug|ARM = Debug|ARM
		Debug|x64 = Debug|x64
		Debug|x86 = Debug|x86
		Release|Any CPU = Release|Any CPU
		Release|ARM = Release|ARM
		Release|x64 = Release|x64
		Release|x86 = Release|x86
	EndGlobalSection
	GlobalSection(ProjectConfigurationPlatforms) = postSolution
		{43F12186-C159-4626-9404-1B14FA7021E2}.Debug|Any CPU.ActiveCfg = Debug|Any CPU
		{43F12186-C159-4626-9404-1B14FA7021E2}.Debug|Any CPU.Build.0 = Debug|Any CPU
		{43F12186-C159-4626-9404-1B14FA7021E2}.Debug|Any CPU.Deploy.0 = Debug|Any CPU
		{43F12186-C159-4626-9404-1B14FA7021E2}.Debug|ARM.ActiveCfg = Debug|ARM
		{43F12186-C159-4626-9404-1B14FA7021E2}.Debug|ARM.Build.0 = Debug|ARM
		{43F12186-C159-4626-9404-1B14FA7021E2}.Debug|ARM.Deploy.0 = Debug|ARM
		{43F12186-C159-4626-9404-1B14FA7021E2}.Debug|x64.ActiveCfg = Debug|x64
		{43F12186-C159-4626-9404-1B14FA7021E2}.Debug|x64.Build.0 = Debug|x64
		{43F12186-C159-4626-9404-1B14FA7021E2}.Debug|x64.Deploy.0 = Debug|x64
		{43F12186-C159-4626-9404-1B14FA7021E2}.Debug|x86.ActiveCfg = Debug|x86
		{43F12186-C159-4626-9404-1B14FA7021E2}.Debug|x86.Build.0 = Debug|x86
		{43F12186-C159-4626-9404-1B14FA7021E2}.Debug|x86.Deploy.0 = Debug|x86
		{43F12186-C159-4626-9404-1B14FA7021E2}.Release|Any CPU.ActiveCfg = Release|Any CPU
		{43F12186-C159-4626-9404-1B14FA7021E2}.Release|Any CPU.Build.0 = Release|Any CPU
		{43F12186-C159-4626-9404-1B14FA7021E2}.Release|Any CPU.Deploy.0 = Release|Any CPU
		{43F12186-C159-4626-9404-1B14FA7021E2}.Release|ARM.ActiveCfg = Release|ARM
		{43F12186-C159-4626-9404-1B14FA7021E2}.Release|ARM.Build.0 = Release|ARM
		{43F12186-C159-4626-9404-1B14FA7021E2}.Release|ARM.Deploy.0 = Release|ARM
		{43F12186-C159-4626-9404-1B14FA7021E2}.Release|x64.ActiveCfg = Release|x64
		{43F12186-C159-4626-9404-1B14FA7021E2}.Release|x64.Build.0 = Release|x64
		{43F12186-C159-4626-9404-1B14FA7021E2}.Release|x64.Deploy.0 = Release|x64
		{43F12186-C159-4626-9404-1B14FA7021E2}.Release|x86.ActiveCfg = Release|x86
		{43F12186-C159-4626-9404-1B14FA7021E2}.Release|x86.Build.0 = Release|x86
		{43F12186-C159-4626-9404-1B14FA7021E2}.Release|x86.Deploy.0 = Release|x86
		{94456E37-35AD-4B7A-B61A-FB907B47B422}.Debug|Any CPU.ActiveCfg = Debug|Any CPU
		{94456E37-35AD-4B7A-B61A-FB907B47B422}.Debug|Any CPU.Build.0 = Debug|Any CPU
		{94456E37-35AD-4B7A-B61A-FB907B47B422}.Debug|Any CPU.Deploy.0 = Debug|Any CPU
		{94456E37-35AD-4B7A-B61A-FB907B47B422}.Debug|ARM.ActiveCfg = Debug|ARM
		{94456E37-35AD-4B7A-B61A-FB907B47B422}.Debug|ARM.Build.0 = Debug|ARM
		{94456E37-35AD-4B7A-B61A-FB907B47B422}.Debug|ARM.Deploy.0 = Debug|ARM
		{94456E37-35AD-4B7A-B61A-FB907B47B422}.Debug|x64.ActiveCfg = Debug|x64
		{94456E37-35AD-4B7A-B61A-FB907B47B422}.Debug|x64.Build.0 = Debug|x64
		{94456E37-35AD-4B7A-B61A-FB907B47B422}.Debug|x64.Deploy.0 = Debug|x64
		{94456E37-35AD-4B7A-B61A-FB907B47B422}.Debug|x86.ActiveCfg = Debug|x86
		{94456E37-35AD-4B7A-B61A-FB907B47B422}.Debug|x86.Build.0 = Debug|x86
		{94456E37-35AD-4B7A-B61A-FB907B47B422}.Debug|x86.Deploy.0 = Debug|x86
		{94456E37-35AD-4B7A-B61A-FB907B47B422}.Release|Any CPU.ActiveCfg = Release|Any CPU
		{94456E37-35AD-4B7A-B61A-FB907B47B422}.Release|Any CPU.Build.0 = Release|Any CPU
		{94456E37-35AD-4B7A-B61A-FB907B47B422}.Release|Any CPU.Deploy.0 = Release|Any CPU
		{94456E37-35AD-4B7A-B61A-FB907B47B422}.Release|ARM.ActiveCfg = Release|ARM
		{94456E37-35AD-4B7A-B61A-FB907B47B422}.Release|ARM.Build.0 = Release|ARM
		{94456E37-35AD-4B7A-B61A-FB907B47B422}.Release|ARM.Deploy.0 = Release|ARM
		{94456E37-35AD-4B7A-B61A-FB907B47B422}.Release|x64.ActiveCfg = Release|x64
		{94456E37-35AD-4B7A-B61A-FB907B47B422}.Release|x64.Build.0 = Release|x64
		{94456E37-35AD-4B7A-B61A-FB907B47B422}.Release|x64.Deploy.0 = Release|x64
		{94456E37-35AD-4B7A-B61A-FB907B47B422}.Release|x86.ActiveCfg = Release|x86
		{94456E37-35AD-4B7A-B61A-FB907B47B422}.Release|x86.Build.0 = Release|x86
		{94456E37-35AD-4B7A-B61A-FB907B47B422}.Release|x86.Deploy.0 = Release|x86
		{D5A9B7B3-5458-4416-ACA5-6714C1FC38FB}.Debug|Any CPU.ActiveCfg = Debug|Any CPU
		{D5A9B7B3-5458-4416-ACA5-6714C1FC38FB}.Debug|Any CPU.Build.0 = Debug|Any CPU
		{D5A9B7B3-5458-4416-ACA5-6714C1FC38FB}.Debug|Any CPU.Deploy.0 = Debug|Any CPU
		{D5A9B7B3-5458-4416-ACA5-6714C1FC38FB}.Debug|ARM.ActiveCfg = Debug|ARM
		{D5A9B7B3-5458-4416-ACA5-6714C1FC38FB}.Debug|ARM.Build.0 = Debug|ARM
		{D5A9B7B3-5458-4416-ACA5-6714C1FC38FB}.Debug|ARM.Deploy.0 = Debug|ARM
		{D5A9B7B3-5458-4416-ACA5-6714C1FC38FB}.Debug|x64.ActiveCfg = Debug|x64
		{D5A9B7B3-5458-4416-ACA5-6714C1FC38FB}.Debug|x64.Build.0 = Debug|x64
		{D5A9B7B3-5458-4416-ACA5-6714C1FC38FB}.Debug|x64.Deploy.0 = Debug|x64
		{D5A9B7B3-5458-4416-ACA5-6714C1FC38FB}.Debug|x86.ActiveCfg = Debug|x86
		{D5A9B7B3-5458-4416-ACA5-6714C1FC38FB}.Debug|x86.Build.0 = Debug|x86
		{D5A9B7B3-5458-4416-ACA5-6714C1FC38FB}.Debug|x86.Deploy.0 = Debug|x86
		{D5A9B7B3-5458-4416-ACA5-6714C1FC38FB}.Release|Any CPU.ActiveCfg = Release|Any CPU
		{D5A9B7B3-5458-4416-ACA5-6714C1FC38FB}.Release|Any CPU.Build.0 = Release|Any CPU
		{D5A9B7B3-5458-4416-ACA5-6714C1FC38FB}.Release|Any CPU.Deploy.0 = Release|Any CPU
		{D5A9B7B3-5458-4416-ACA5-6714C1FC38FB}.Release|ARM.ActiveCfg = Release|ARM
		{D5A9B7B3-5458-4416-ACA5-6714C1FC38FB}.Release|ARM.Build.0 = Release|ARM
		{D5A9B7B3-5458-4416-ACA5-6714C1FC38FB}.Release|ARM.Deploy.0 = Release|ARM
		{D5A9B7B3-5458-4416-ACA5-6714C1FC38FB}.Release|x64.ActiveCfg = Release|x64
		{D5A9B7B3-5458-4416-ACA5-6714C1FC38FB}.Release|x64.Build.0 = Release|x64
		{D5A9B7B3-5458-4416-ACA5-6714C1FC38FB}.Release|x64.Deploy.0 = Release|x64
		{D5A9B7B3-5458-4416-ACA5-6714C1FC38FB}.Release|x86.ActiveCfg = Release|x86
		{D5A9B7B3-5458-4416-ACA5-6714C1FC38FB}.Release|x86.Build.0 = Release|x86
		{D5A9B7B3-5458-4416-ACA5-6714C1FC38FB}.Release|x86.Deploy.0 = Release|x86
	EndGlobalSection
	GlobalSection(SolutionProperties) = preSolution
		HideSolutionNode = FALSE
	EndGlobalSection
EndGlobal
